{
  "name": "angular-ngxs-practice",
  "version": "0.0.0",
  "lockfileVersion": 1,
  "requires": true,
  "dependencies": {
    "@ngxs/store": {
      "version": "2.0.0",
      "resolved": "https://registry.npmjs.org/@ngxs/store/-/store-2.0.0.tgz",
      "integrity": "sha512-r0+Bq58icIkFXU72yWsQIa1FK1ZaSCE2lxfHZCtu9m+0gfm1llsL8ryQveMVDg8bNpPEcdjuNzx7ZtSTQlGPjQ==",
      "requires": {
        "tslib": "1.9.0"
      }
    },
    "tslib": {
      "version": "1.9.0",
      "resolved": "https://registry.npmjs.org/tslib/-/tslib-1.9.0.tgz",
      "integrity": "sha512-f/qGG2tUkrISBlQZEjEqoZ3B2+npJjIf04H1wuAv9iA8i04Icp+61KRXxFdha22670NJopsZCIjhC3SnjPRKrQ=="
    }
  }
}
